// !$*UTF8*$!
{
	archiveVersion = 1;
	classes = {
	};
	objectVersion = 50;
	objects = {

/* Begin PBXBuildFile section */
		98AB17CF2361D26400286736 /* AppDelegate.swift in Sources */ = {isa = PBXBuildFile; fileRef = 98AB17CE2361D26400286736 /* AppDelegate.swift */; };
		98AB17D12361D26400286736 /* SceneDelegate.swift in Sources */ = {isa = PBXBuildFile; fileRef = 98AB17D02361D26400286736 /* SceneDelegate.swift */; };
		98AB17D32361D26400286736 /* ViewController.swift in Sources */ = {isa = PBXBuildFile; fileRef = 98AB17D22361D26400286736 /* ViewController.swift */; };
		98AB17D62361D26400286736 /* Main.storyboard in Resources */ = {isa = PBXBuildFile; fileRef = 98AB17D42361D26400286736 /* Main.storyboard */; };
		98AB17D82361D26500286736 /* Assets.xcassets in Resources */ = {isa = PBXBuildFile; fileRef = 98AB17D72361D26500286736 /* Assets.xcassets */; };
		98AB17DB2361D26500286736 /* LaunchScreen.storyboard in Resources */ = {isa = PBXBuildFile; fileRef = 98AB17D92361D26500286736 /* LaunchScreen.storyboard */; };
		98AB17E32361D40800286736 /* JHDatePickerTool.swift in Sources */ = {isa = PBXBuildFile; fileRef = 98AB17E22361D40800286736 /* JHDatePickerTool.swift */; };
/* End PBXBuildFile section */

/* Begin PBXFileReference section */
		98AB17CB2361D26400286736 /* JHDatePicker.app */ = {isa = PBXFileReference; explicitFileType = wrapper.application; includeInIndex = 0; path = JHDatePicker.app; sourceTree = BUILT_PRODUCTS_DIR; };
		98AB17CE2361D26400286736 /* AppDelegate.swift */ = {isa = PBXFileReference; lastKnownFileType = sourcecode.swift; path = AppDelegate.swift; sourceTree = "<group>"; };
		98AB17D02361D26400286736 /* SceneDelegate.swift */ = {isa = PBXFileReference; lastKnownFileType = sourcecode.swift; path = SceneDelegate.swift; sourceTree = "<group>"; };
		98AB17D22361D26400286736 /* ViewController.swift */ = {isa = PBXFileReference; lastKnownFileType = sourcecode.swift; path = ViewController.swift; sourceTree = "<group>"; };
		98AB17D52361D26400286736 /* Base */ = {isa = PBXFileReference; lastKnownFileType = file.storyboard; name = Base; path = Base.lproj/Main.storyboard; sourceTree = "<group>"; };
		98AB17D72361D26500286736 /* Assets.xcassets */ = {isa = PBXFileReference; lastKnownFileType = folder.assetcatalog; path = Assets.xcassets; sourceTree = "<group>"; };
		98AB17DA2361D26500286736 /* Base */ = {isa = PBXFileReference; lastKnownFileType = file.storyboard; name = Base; path = Base.lproj/LaunchScreen.storyboard; sourceTree = "<group>"; };
		98AB17DC2361D26500286736 /* Info.plist */ = {isa = PBXFileReference; lastKnownFileType = text.plist.xml; path = Info.plist; sourceTree = "<group>"; };
		98AB17E22361D40800286736 /* JHDatePickerTool.swift */ = {isa = PBXFileReference; lastKnownFileType = sourcecode.swift; path = JHDatePickerTool.swift; sourceTree = "<group>"; };
/* End PBXFileReference section */

/* Begin PBXFrameworksBuildPhase section */
		98AB17C82361D26400286736 /* Frameworks */ = {
			isa = PBXFrameworksBuildPhase;
			buildActionMask = 2147483647;
			files = (
			);
			runOnlyForDeploymentPostprocessing = 0;
		};
/* End PBXFrameworksBuildPhase section */

/* Begin PBXGroup section */
		98AB17C22361D26400286736 = {
			isa = PBXGroup;
			children = (
				98AB17CD2361D26400286736 /* JHDatePicker */,
				98AB17CC2361D26400286736 /* Products */,
			);
			sourceTree = "<group>";
		};
		98AB17CC2361D26400286736 /* Products */ = {
			isa = PBXGroup;
			children = (
				98AB17CB2361D26400286736 /* JHDatePicker.app */,
			);
			name = Products;
			sourceTree = "<group>";
		};
		98AB17CD2361D26400286736 /* JHDatePicker */ = {
			isa = PBXGroup;
			children = (
				98AB17CE2361D26400286736 /* AppDelegate.swift */,
				98AB17D02361D26400286736 /* SceneDelegate.swift */,
				98AB17D22361D26400286736 /* ViewController.swift */,
				98AB17D42361D26400286736 /* Main.storyboard */,
				98AB17D72361D26500286736 /* Assets.xcassets */,
				98AB17D92361D26500286736 /* LaunchScreen.storyboard */,
				98AB17DC2361D26500286736 /* Info.plist */,
				98AB17E22361D40800286736 /* JHDatePickerTool.swift */,
			);
			path = JHDatePicker;
			sourceTree = "<group>";
		};
/* End PBXGroup section */

/* Begin PBXNativeTarget section */
		98AB17CA2361D26400286736 /* JHDatePicker */ = {
			isa = PBXNativeTarget;
			buildConfigurationList = 98AB17DF2361D26500286736 /* Build configuration list for PBXNativeTarget "JHDatePicker" */;
			buildPhases = (
				98AB17C72361D26400286736 /* Sources */,
				98AB17C82361D26400286736 /* Frameworks */,
				98AB17C92361D26400286736 /* Resources */,
			);
			buildRules = (
			);
			dependencies = (
			);
			name = JHDatePicker;
			productName = JHDatePicker;
			productReference = 98AB17CB2361D26400286736 /* JHDatePicker.app */;
			productType = "com.apple.product-type.application";
		};
/* End PBXNativeTarget section */

/* Begin PBXProject section */
		98AB17C32361D26400286736 /* Project object */ = {
			isa = PBXProject;
			attributes = {
				LastSwiftUpdateCheck = 1110;
				LastUpgradeCheck = 1110;
				ORGANIZATIONNAME = "李斌兴";
				TargetAttributes = {
					98AB17CA2361D26400286736 = {
						CreatedOnToolsVersion = 11.1;
					};
				};
			};
			buildConfigurationList = 98AB17C62361D26400286736 /* Build configuration list for PBXProject "JHDatePicker" */;
			compatibilityVersion = "Xcode 9.3";
			developmentRegion = en;
			hasScannedForEncodings = 0;
			knownRegions = (
				en,
				Base,
			);
			mainGroup = 98AB17C22361D26400286736;
			productRefGroup = 98AB17CC2361D26400286736 /* Products */;
			projectDirPath = "";
			projectRoot = "";
			targets = (
				98AB17CA2361D26400286736 /* JHDatePicker */,
			);
		};
/* End PBXProject section */

/* Begin PBXResourcesBuildPhase section */
		98AB17C92361D26400286736 /* Resources */ = {
			isa = PBXResourcesBuildPhase;
			buildActionMask = 2147483647;
			files = (
				98AB17DB2361D26500286736 /* LaunchScreen.storyboard in Resources */,
				98AB17D82361D26500286736 /* Assets.xcassets in Resources */,
				98AB17D62361D26400286736 /* Main.storyboard in Resources */,
			);
			runOnlyForDeploymentPostprocessing = 0;
		};
/* End PBXResourcesBuildPhase section */

/* Begin PBXSourcesBuildPhase section */
		98AB17C72361D26400286736 /* Sources */ = {
			isa = PBXSourcesBuildPhase;
			buildActionMask = 2147483647;
			files = (
				98AB17D32361D26400286736 /* ViewController.swift in Sources */,
				98AB17E32361D40800286736 /* JHDatePickerTool.swift in Sources */,
				98AB17CF2361D26400286736 /* AppDelegate.swift in Sources */,
				98AB17D12361D26400286736 /* SceneDelegate.swift in Sources */,
			);
			runOnlyForDeploymentPostprocessing = 0;
		};
/* End PBXSourcesBuildPhase section */

/* Begin PBXVariantGroup section */
		98AB17D42361D26400286736 /* Main.storyboard */ = {
			isa = PBXVariantGroup;
			children = (
				98AB17D52361D26400286736 /* Base */,
			);
			name = Main.storyboard;
			sourceTree = "<group>";
		};
		98AB17D92361D26500286736 /* LaunchScreen.storyboard */ = {
			isa = PBXVariantGroup;
			children = (
				98AB17DA2361D26500286736 /* Base */,
			);
			name = LaunchScreen.storyboard;
			sourceTree = "<group>";
		};
/* End PBXVariantGroup section */

/* Begin XCBuildConfiguration section */
		98AB17DD2361D26500286736 /* Debug */ = {
			isa = XCBuildConfiguration;
			buildSettings = {
				ALWAYS_SEARCH_USER_PATHS = NO;
				CLANG_ANALYZER_NONNULL = YES;
				CLANG_ANALYZER_NUMBER_OBJECT_CONVERSION = YES_AGGRESSIVE;
				CLANG_CXX_LANGUAGE_STANDARD = "gnu++14";
				CLANG_CXX_LIBRARY = "libc++";
				CLANG_ENABLE_MODULES = YES;
				CLANG_ENABLE_OBJC_ARC = YES;
				CLANG_ENABLE_OBJC_WEAK = YES;
				CLANG_WARN_BLOCK_CAPTURE_AUTORELEASING = YES;
				CLANG_WARN_BOOL_CONVERSION = YES;
				CLANG_WARN_COMMA = YES;
				CLANG_WARN_CONSTANT_CONVERSION = YES;
				CLANG_WARN_DEPRECATED_OBJC_IMPLEMENTATIONS = YES;
				CLANG_WARN_DIRECT_OBJC_ISA_USAGE = YES_ERROR;
				CLANG_WARN_DOCUMENTATION_COMMENTS = YES;
				CLANG_WARN_EMPTY_BODY = YES;
				CLANG_WARN_ENUM_CONVERSION = YES;
				CLANG_WARN_INFINITE_RECURSION = YES;
				CLANG_WARN_INT_CONVERSION = YES;
				CLANG_WARN_NON_LITERAL_NULL_CONVERSION = YES;
				CLANG_WARN_OBJC_IMPLICIT_RETAIN_SELF = YES;
				CLANG_WARN_OBJC_LITERAL_CONVERSION = YES;
				CLANG_WARN_OBJC_ROOT_CLASS = YES_ERROR;
				CLANG_WARN_RANGE_LOOP_ANALYSIS = YES;
				CLANG_WARN_STRICT_PROTOTYPES = YES;
				CLANG_WARN_SUSPICIOUS_MOVE = YES;
				CLANG_WARN_UNGUARDED_AVAILABILITY = YES_AGGRESSIVE;
				CLANG_WARN_UNREACHABLE_CODE = YES;
				CLANG_WARN__DUPLICATE_METHOD_MATCH = YES;
				COPY_PHASE_STRIP = NO;
				DEBUG_INFORMATION_FORMAT = dwarf;
				ENABLE_STRICT_OBJC_MSGSEND = YES;
				ENABLE_TESTABILITY = YES;
				GCC_C_LANGUAGE_STANDARD = gnu11;
				GCC_DYNAMIC_NO_PIC = NO;
				GCC_NO_COMMON_BLOCKS = YES;
				GCC_OPTIMIZATION_LEVEL = 0;
				GCC_PREPROCESSOR_DEFINITIONS = (
					"DEBUG=1",
					"$(inherited)",
				);
				GCC_WARN_64_TO_32_BIT_CONVERSION = YES;
				GCC_WARN_ABOUT_RETURN_TYPE = YES_ERROR;
				GCC_WARN_UNDECLARED_SELECTOR = YES;
				GCC_WARN_UNINITIALIZED_AUTOS = YES_AGGRESSIVE;
				GCC_WARN_UNUSED_FUNCTION = YES;
				GCC_WARN_UNUSED_VARIABLE = YES;
				IPHONEOS_DEPLOYMENT_TARGET = 13.1;
				MTL_ENABLE_DEBUG_INFO = INCLUDE_SOURCE;
				MTL_FAST_MATH = YES;
				ONLY_ACTIVE_ARCH = YES;
				SDKROOT = iphoneos;
				SWIFT_ACTIVE_COMPILATION_CONDITIONS = DEBUG;
				SWIFT_OPTIMIZATION_LEVEL = "-Onone";
			};
			name = Debug;
		};
		98AB17DE2361D26500286736 /* Release */ = {
			isa = XCBuildConfiguration;
			buildSettings = {
				ALWAYS_SEARCH_USER_PATHS = NO;
				CLANG_ANALYZER_NONNULL = YES;
				CLANG_ANALYZER_NUMBER_OBJECT_CONVERSION = YES_AGGRESSIVE;
				CLANG_CXX_LANGUAGE_STANDARD = "gnu++14";
				CLANG_CXX_LIBRARY = "libc++";
				CLANG_ENABLE_MODULES = YES;
				CLANG_ENABLE_OBJC_ARC = YES;
				CLANG_ENABLE_OBJC_WEAK = YES;
				CLANG_WARN_BLOCK_CAPTURE_AUTORELEASING = YES;
				CLANG_WARN_BOOL_CONVERSION = YES;
				CLANG_WARN_COMMA = YES;
				CLANG_WARN_CONSTANT_CONVERSION = YES;
				CLANG_WARN_DEPRECATED_OBJC_IMPLEMENTATIONS = YES;
				CLANG_WARN_DIRECT_OBJC_ISA_USAGE = YES_ERROR;
				CLANG_WARN_DOCUMENTATION_COMMENTS = YES;
				CLANG_WARN_EMPTY_BODY = YES;
				CLANG_WARN_ENUM_CONVERSION = YES;
				CLANG_WARN_INFINITE_RECURSION = YES;
				CLANG_WARN_INT_CONVERSION = YES;
				CLANG_WARN_NON_LITERAL_NULL_CONVERSION = YES;
				CLANG_WARN_OBJC_IMPLICIT_RETAIN_SELF = YES;
				CLANG_WARN_OBJC_LITERAL_CONVERSION = YES;
				CLANG_WARN_OBJC_ROOT_CLASS = YES_ERROR;
				CLANG_WARN_RANGE_LOOP_ANALYSIS = YES;
				CLANG_WARN_STRICT_PROTOTYPES = YES;
				CLANG_WARN_SUSPICIOUS_MOVE = YES;
				CLANG_WARN_UNGUARDED_AVAILABILITY = YES_AGGRESSIVE;
				CLANG_WARN_UNREACHABLE_CODE = YES;
				CLANG_WARN__DUPLICATE_METHOD_MATCH = YES;
				COPY_PHASE_STRIP = NO;
				DEBUG_INFORMATION_FORMAT = "dwarf-with-dsym";
				ENABLE_NS_ASSERTIONS = NO;
				ENABLE_STRICT_OBJC_MSGSEND = YES;
				GCC_C_LANGUAGE_STANDARD = gnu11;
				GCC_NO_COMMON_BLOCKS = YES;
				GCC_WARN_64_TO_32_BIT_CONVERSION = YES;
				GCC_WARN_ABOUT_RETURN_TYPE = YES_ERROR;
				GCC_WARN_UNDECLARED_SELECTOR = YES;
				GCC_WARN_UNINITIALIZED_AUTOS = YES_AGGRESSIVE;
				GCC_WARN_UNUSED_FUNCTION = YES;
				GCC_WARN_UNUSED_VARIABLE = YES;
				IPHONEOS_DEPLOYMENT_TARGET = 13.1;
				MTL_ENABLE_DEBUG_INFO = NO;
				MTL_FAST_MATH = YES;
				SDKROOT = iphoneos;
				SWIFT_COMPILATION_MODE = wholemodule;
				SWIFT_OPTIMIZATION_LEVEL = "-O";
				VALIDATE_PRODUCT = YES;
			};
			name = Release;
		};
		98AB17E02361D26500286736 /* Debug */ = {
			isa = XCBuildConfiguration;
			buildSettings = {
				ASSETCATALOG_COMPILER_APPICON_NAME = AppIcon;
				CODE_SIGN_STYLE = Automatic;
				DEVELOPMENT_TEAM = JWKAF9YG4F;
				INFOPLIST_FILE = JHDatePicker/Info.plist;
				LD_RUNPATH_SEARCH_PATHS = (
					"$(inherited)",
					"@executable_path/Frameworks",
				);
				PRODUCT_BUNDLE_IDENTIFIER = com.oschina.date.JHDatePicker;
				PRODUCT_NAME = "$(TARGET_NAME)";
				SWIFT_VERSION = 5.0;
				TARGETED_DEVICE_FAMILY = 1;
			};
			name = Debug;
		};
		98AB17E12361D26500286736 /* Release */ = {
			isa = XCBuildConfiguration;
			buildSettings = {
				ASSETCATALOG_COMPILER_APPICON_NAME = AppIcon;
				CODE_SIGN_STYLE = Automatic;
				DEVELOPMENT_TEAM = JWKAF9YG4F;
				INFOPLIST_FILE = JHDatePicker/Info.plist;
				LD_RUNPATH_SEARCH_PATHS = (
					"$(inherited)",
					"@executable_path/Frameworks",
				);
				PRODUCT_BUNDLE_IDENTIFIER = com.oschina.date.JHDatePicker;
				PRODUCT_NAME = "$(TARGET_NAME)";
				SWIFT_VERSION = 5.0;
				TARGETED_DEVICE_FAMILY = 1;
			};
			name = Release;
		};
/* End XCBuildConfiguration section */

/* Begin XCConfigurationList section */
		98AB17C62361D26400286736 /* Build configuration list for PBXProject "JHDatePicker" */ = {
			isa = XCConfigurationList;
			buildConfigurations = (
				98AB17DD2361D26500286736 /* Debug */,
				98AB17DE2361D26500286736 /* Release */,
			);
			defaultConfigurationIsVisible = 0;
			defaultConfigurationName = Release;
		};
		98AB17DF2361D26500286736 /* Build configuration list for PBXNativeTarget "JHDatePicker" */ = {
			isa = XCConfigurationList;
			buildConfigurations = (
				98AB17E02361D26500286736 /* Debug */,
				98AB17E12361D26500286736 /* Release */,
			);
			defaultConfigurationIsVisible = 0;
			defaultConfigurationName = Release;
		};
/* End XCConfigurationList section */
	};
	rootObject = 98AB17C32361D26400286736 /* Project object */;
}
